
Microsoft Visual Studio Solution File, Format Version 12.00
# Visual Studio 14
VisualStudioVersion = 14.0.25420.1
MinimumVisualStudioVersion = 10.0.40219.1
Project("{FAE04EC0-301F-11D3-BF4B-00C04F79EFBC}") = "ImageToText", "Image2Text\ImageToText.csproj", "{678579FF-8E18-4AD7-8821-F624EB212A85}"
EndProject
Project("{FAE04EC0-301F-11D3-BF4B-00C04F79EFBC}") = "Tesseract", "..\tesseract\src\Tesseract\Tesseract.csproj", "{DA780CA0-2606-4259-91C4-3F38C5C90592}"
EndProject
Global
	GlobalSection(SolutionConfigurationPlatforms) = preSolution
		Debug|Any CPU = Debug|Any CPU
		Debug|x86 = Debug|x86
		Debug20|Any CPU = Debug20|Any CPU
		Debug20|x86 = Debug20|x86
		Debug35|Any CPU = Debug35|Any CPU
		Debug35|x86 = Debug35|x86
		Debug40|Any CPU = Debug40|Any CPU
		Debug40|x86 = Debug40|x86
		Debug40Client|Any CPU = Debug40Client|Any CPU
		Debug40Client|x86 = Debug40Client|x86
		Debug45|Any CPU = Debug45|Any CPU
		Debug45|x86 = Debug45|x86
		Debug451|Any CPU = Debug451|Any CPU
		Debug451|x86 = Debug451|x86
		Release|Any CPU = Release|Any CPU
		Release|x86 = Release|x86
		Release20|Any CPU = Release20|Any CPU
		Release20|x86 = Release20|x86
		Release35|Any CPU = Release35|Any CPU
		Release35|x86 = Release35|x86
		Release40|Any CPU = Release40|Any CPU
		Release40|x86 = Release40|x86
		Release40Client|Any CPU = Release40Client|Any CPU
		Release40Client|x86 = Release40Client|x86
		Release45|Any CPU = Release45|Any CPU
		Release45|x86 = Release45|x86
		Release451|Any CPU = Release451|Any CPU
		Release451|x86 = Release451|x86
	EndGlobalSection
	GlobalSection(ProjectConfigurationPlatforms) = postSolution
		{678579FF-8E18-4AD7-8821-F624EB212A85}.Debug|Any CPU.ActiveCfg = Debug|x86
		{678579FF-8E18-4AD7-8821-F624EB212A85}.Debug|x86.ActiveCfg = Debug|x86
		{678579FF-8E18-4AD7-8821-F624EB212A85}.Debug|x86.Build.0 = Debug|x86
		{678579FF-8E18-4AD7-8821-F624EB212A85}.Debug20|Any CPU.ActiveCfg = Release|x86
		{678579FF-8E18-4AD7-8821-F624EB212A85}.Debug20|Any CPU.Build.0 = Release|x86
		{678579FF-8E18-4AD7-8821-F624EB212A85}.Debug20|x86.ActiveCfg = Debug|x86
		{678579FF-8E18-4AD7-8821-F624EB212A85}.Debug20|x86.Build.0 = Debug|x86
		{678579FF-8E18-4AD7-8821-F624EB212A85}.Debug35|Any CPU.ActiveCfg = Release|x86
		{678579FF-8E18-4AD7-8821-F624EB212A85}.Debug35|Any CPU.Build.0 = Release|x86
		{678579FF-8E18-4AD7-8821-F624EB212A85}.Debug35|x86.ActiveCfg = Debug|x86
		{678579FF-8E18-4AD7-8821-F624EB212A85}.Debug35|x86.Build.0 = Debug|x86
		{678579FF-8E18-4AD7-8821-F624EB212A85}.Debug40|Any CPU.ActiveCfg = Release|x86
		{678579FF-8E18-4AD7-8821-F624EB212A85}.Debug40|Any CPU.Build.0 = Release|x86
		{678579FF-8E18-4AD7-8821-F624EB212A85}.Debug40|x86.ActiveCfg = Debug|x86
		{678579FF-8E18-4AD7-8821-F624EB212A85}.Debug40|x86.Build.0 = Debug|x86
		{678579FF-8E18-4AD7-8821-F624EB212A85}.Debug40Client|Any CPU.ActiveCfg = Release|x86
		{678579FF-8E18-4AD7-8821-F624EB212A85}.Debug40Client|Any CPU.Build.0 = Release|x86
		{678579FF-8E18-4AD7-8821-F624EB212A85}.Debug40Client|x86.ActiveCfg = Debug|x86
		{678579FF-8E18-4AD7-8821-F624EB212A85}.Debug40Client|x86.Build.0 = Debug|x86
		{678579FF-8E18-4AD7-8821-F624EB212A85}.Debug45|Any CPU.ActiveCfg = Release|x86
		{678579FF-8E18-4AD7-8821-F624EB212A85}.Debug45|Any CPU.Build.0 = Release|x86
		{678579FF-8E18-4AD7-8821-F624EB212A85}.Debug45|x86.ActiveCfg = Debug|x86
		{678579FF-8E18-4AD7-8821-F624EB212A85}.Debug45|x86.Build.0 = Debug|x86
		{678579FF-8E18-4AD7-8821-F624EB212A85}.Debug451|Any CPU.ActiveCfg = Release|x86
		{678579FF-8E18-4AD7-8821-F624EB212A85}.Debug451|Any CPU.Build.0 = Release|x86
		{678579FF-8E18-4AD7-8821-F624EB212A85}.Debug451|x86.ActiveCfg = Debug|x86
		{678579FF-8E18-4AD7-8821-F624EB212A85}.Debug451|x86.Build.0 = Debug|x86
		{678579FF-8E18-4AD7-8821-F624EB212A85}.Release|Any CPU.ActiveCfg = Release|x86
		{678579FF-8E18-4AD7-8821-F624EB212A85}.Release|x86.ActiveCfg = Release|x86
		{678579FF-8E18-4AD7-8821-F624EB212A85}.Release|x86.Build.0 = Release|x86
		{678579FF-8E18-4AD7-8821-F624EB212A85}.Release20|Any CPU.ActiveCfg = Release|x86
		{678579FF-8E18-4AD7-8821-F624EB212A85}.Release20|Any CPU.Build.0 = Release|x86
		{678579FF-8E18-4AD7-8821-F624EB212A85}.Release20|x86.ActiveCfg = Release|x86
		{678579FF-8E18-4AD7-8821-F624EB212A85}.Release20|x86.Build.0 = Release|x86
		{678579FF-8E18-4AD7-8821-F624EB212A85}.Release35|Any CPU.ActiveCfg = Release|x86
		{678579FF-8E18-4AD7-8821-F624EB212A85}.Release35|Any CPU.Build.0 = Release|x86
		{678579FF-8E18-4AD7-8821-F624EB212A85}.Release35|x86.ActiveCfg = Release|x86
		{678579FF-8E18-4AD7-8821-F624EB212A85}.Release35|x86.Build.0 = Release|x86
		{678579FF-8E18-4AD7-8821-F624EB212A85}.Release40|Any CPU.ActiveCfg = Release|x86
		{678579FF-8E18-4AD7-8821-F624EB212A85}.Release40|Any CPU.Build.0 = Release|x86
		{678579FF-8E18-4AD7-8821-F624EB212A85}.Release40|x86.ActiveCfg = Release|x86
		{678579FF-8E18-4AD7-8821-F624EB212A85}.Release40|x86.Build.0 = Release|x86
		{678579FF-8E18-4AD7-8821-F624EB212A85}.Release40Client|Any CPU.ActiveCfg = Release|x86
		{678579FF-8E18-4AD7-8821-F624EB212A85}.Release40Client|Any CPU.Build.0 = Release|x86
		{678579FF-8E18-4AD7-8821-F624EB212A85}.Release40Client|x86.ActiveCfg = Release|x86
		{678579FF-8E18-4AD7-8821-F624EB212A85}.Release40Client|x86.Build.0 = Release|x86
		{678579FF-8E18-4AD7-8821-F624EB212A85}.Release45|Any CPU.ActiveCfg = Release|x86
		{678579FF-8E18-4AD7-8821-F624EB212A85}.Release45|Any CPU.Build.0 = Release|x86
		{678579FF-8E18-4AD7-8821-F624EB212A85}.Release45|x86.ActiveCfg = Release|x86
		{678579FF-8E18-4AD7-8821-F624EB212A85}.Release45|x86.Build.0 = Release|x86
		{678579FF-8E18-4AD7-8821-F624EB212A85}.Release451|Any CPU.ActiveCfg = Release|x86
		{678579FF-8E18-4AD7-8821-F624EB212A85}.Release451|Any CPU.Build.0 = Release|x86
		{678579FF-8E18-4AD7-8821-F624EB212A85}.Release451|x86.ActiveCfg = Release|x86
		{678579FF-8E18-4AD7-8821-F624EB212A85}.Release451|x86.Build.0 = Release|x86
		{DA780CA0-2606-4259-91C4-3F38C5C90592}.Debug|Any CPU.ActiveCfg = Debug20|Any CPU
		{DA780CA0-2606-4259-91C4-3F38C5C90592}.Debug|Any CPU.Build.0 = Debug20|Any CPU
		{DA780CA0-2606-4259-91C4-3F38C5C90592}.Debug|x86.ActiveCfg = Debug20|Any CPU
		{DA780CA0-2606-4259-91C4-3F38C5C90592}.Debug|x86.Build.0 = Debug20|Any CPU
		{DA780CA0-2606-4259-91C4-3F38C5C90592}.Debug20|Any CPU.ActiveCfg = Debug20|Any CPU
		{DA780CA0-2606-4259-91C4-3F38C5C90592}.Debug20|Any CPU.Build.0 = Debug20|Any CPU
		{DA780CA0-2606-4259-91C4-3F38C5C90592}.Debug20|x86.ActiveCfg = Debug20|Any CPU
		{DA780CA0-2606-4259-91C4-3F38C5C90592}.Debug20|x86.Build.0 = Debug20|Any CPU
		{DA780CA0-2606-4259-91C4-3F38C5C90592}.Debug35|Any CPU.ActiveCfg = Debug35|Any CPU
		{DA780CA0-2606-4259-91C4-3F38C5C90592}.Debug35|Any CPU.Build.0 = Debug35|Any CPU
		{DA780CA0-2606-4259-91C4-3F38C5C90592}.Debug35|x86.ActiveCfg = Debug35|Any CPU
		{DA780CA0-2606-4259-91C4-3F38C5C90592}.Debug35|x86.Build.0 = Debug35|Any CPU
		{DA780CA0-2606-4259-91C4-3F38C5C90592}.Debug40|Any CPU.ActiveCfg = Debug40|Any CPU
		{DA780CA0-2606-4259-91C4-3F38C5C90592}.Debug40|Any CPU.Build.0 = Debug40|Any CPU
		{DA780CA0-2606-4259-91C4-3F38C5C90592}.Debug40|x86.ActiveCfg = Debug40|Any CPU
		{DA780CA0-2606-4259-91C4-3F38C5C90592}.Debug40|x86.Build.0 = Debug40|Any CPU
		{DA780CA0-2606-4259-91C4-3F38C5C90592}.Debug40Client|Any CPU.ActiveCfg = Debug40Client|Any CPU
		{DA780CA0-2606-4259-91C4-3F38C5C90592}.Debug40Client|Any CPU.Build.0 = Debug40Client|Any CPU
		{DA780CA0-2606-4259-91C4-3F38C5C90592}.Debug40Client|x86.ActiveCfg = Debug40Client|Any CPU
		{DA780CA0-2606-4259-91C4-3F38C5C90592}.Debug40Client|x86.Build.0 = Debug40Client|Any CPU
		{DA780CA0-2606-4259-91C4-3F38C5C90592}.Debug45|Any CPU.ActiveCfg = Debug45|Any CPU
		{DA780CA0-2606-4259-91C4-3F38C5C90592}.Debug45|Any CPU.Build.0 = Debug45|Any CPU
		{DA780CA0-2606-4259-91C4-3F38C5C90592}.Debug45|x86.ActiveCfg = Debug45|Any CPU
		{DA780CA0-2606-4259-91C4-3F38C5C90592}.Debug45|x86.Build.0 = Debug45|Any CPU
		{DA780CA0-2606-4259-91C4-3F38C5C90592}.Debug451|Any CPU.ActiveCfg = Debug451|Any CPU
		{DA780CA0-2606-4259-91C4-3F38C5C90592}.Debug451|Any CPU.Build.0 = Debug451|Any CPU
		{DA780CA0-2606-4259-91C4-3F38C5C90592}.Debug451|x86.ActiveCfg = Debug451|Any CPU
		{DA780CA0-2606-4259-91C4-3F38C5C90592}.Debug451|x86.Build.0 = Debug451|Any CPU
		{DA780CA0-2606-4259-91C4-3F38C5C90592}.Release|Any CPU.ActiveCfg = Release20|Any CPU
		{DA780CA0-2606-4259-91C4-3F38C5C90592}.Release|Any CPU.Build.0 = Release20|Any CPU
		{DA780CA0-2606-4259-91C4-3F38C5C90592}.Release|x86.ActiveCfg = Release20|Any CPU
		{DA780CA0-2606-4259-91C4-3F38C5C90592}.Release|x86.Build.0 = Release20|Any CPU
		{DA780CA0-2606-4259-91C4-3F38C5C90592}.Release20|Any CPU.ActiveCfg = Release20|Any CPU
		{DA780CA0-2606-4259-91C4-3F38C5C90592}.Release20|Any CPU.Build.0 = Release20|Any CPU
		{DA780CA0-2606-4259-91C4-3F38C5C90592}.Release20|x86.ActiveCfg = Release20|Any CPU
		{DA780CA0-2606-4259-91C4-3F38C5C90592}.Release20|x86.Build.0 = Release20|Any CPU
		{DA780CA0-2606-4259-91C4-3F38C5C90592}.Release35|Any CPU.ActiveCfg = Release35|Any CPU
		{DA780CA0-2606-4259-91C4-3F38C5C90592}.Release35|Any CPU.Build.0 = Release35|Any CPU
		{DA780CA0-2606-4259-91C4-3F38C5C90592}.Release35|x86.ActiveCfg = Release35|Any CPU
		{DA780CA0-2606-4259-91C4-3F38C5C90592}.Release35|x86.Build.0 = Release35|Any CPU
		{DA780CA0-2606-4259-91C4-3F38C5C90592}.Release40|Any CPU.ActiveCfg = Release40|Any CPU
		{DA780CA0-2606-4259-91C4-3F38C5C90592}.Release40|Any CPU.Build.0 = Release40|Any CPU
		{DA780CA0-2606-4259-91C4-3F38C5C90592}.Release40|x86.ActiveCfg = Release40|Any CPU
		{DA780CA0-2606-4259-91C4-3F38C5C90592}.Release40|x86.Build.0 = Release40|Any CPU
		{DA780CA0-2606-4259-91C4-3F38C5C90592}.Release40Client|Any CPU.ActiveCfg = Release40Client|Any CPU
		{DA780CA0-2606-4259-91C4-3F38C5C90592}.Release40Client|Any CPU.Build.0 = Release40Client|Any CPU
		{DA780CA0-2606-4259-91C4-3F38C5C90592}.Release40Client|x86.ActiveCfg = Release40Client|Any CPU
		{DA780CA0-2606-4259-91C4-3F38C5C90592}.Release40Client|x86.Build.0 = Release40Client|Any CPU
		{DA780CA0-2606-4259-91C4-3F38C5C90592}.Release45|Any CPU.ActiveCfg = Release45|Any CPU
		{DA780CA0-2606-4259-91C4-3F38C5C90592}.Release45|Any CPU.Build.0 = Release45|Any CPU
		{DA780CA0-2606-4259-91C4-3F38C5C90592}.Release45|x86.ActiveCfg = Release45|Any CPU
		{DA780CA0-2606-4259-91C4-3F38C5C90592}.Release45|x86.Build.0 = Release45|Any CPU
		{DA780CA0-2606-4259-91C4-3F38C5C90592}.Release451|Any CPU.ActiveCfg = Release451|Any CPU
		{DA780CA0-2606-4259-91C4-3F38C5C90592}.Release451|Any CPU.Build.0 = Release451|Any CPU
		{DA780CA0-2606-4259-91C4-3F38C5C90592}.Release451|x86.ActiveCfg = Release451|Any CPU
		{DA780CA0-2606-4259-91C4-3F38C5C90592}.Release451|x86.Build.0 = Release451|Any CPU
	EndGlobalSection
	GlobalSection(SolutionProperties) = preSolution
		HideSolutionNode = FALSE
	EndGlobalSection
EndGlobal
